<?xml version="1.0" encoding="utf-8"?>
<Project ToolsVersion="4.0" xmlns="http://schemas.microsoft.com/developer/msbuild/2003">
  <ItemGroup>
    <Filter Include="Source Files">
      <UniqueIdentifier>{4FC737F1-C7A5-4376-A066-2A32D752A2FF}</UniqueIdentifier>
      <Extensions>cpp;c;cc;cxx;c++;cppm;ixx;def;odl;idl;hpj;bat;asm;asmx</Extensions>
    </Filter>
    <Filter Include="Header Files">
      <UniqueIdentifier>{93995380-89BD-4b04-88EB-625FBE52EBFB}</UniqueIdentifier>
      <Extensions>h;hh;hpp;hxx;h++;hm;inl;inc;ipp;xsd</Extensions>
    </Filter>
    <Filter Include="Resource Files">
      <UniqueIdentifier>{67DA6AB6-F800-4c08-8B7A-83BB121AAD01}</UniqueIdentifier>
      <Extensions>rc;ico;cur;bmp;dlg;rc2;rct;bin;rgs;gif;jpg;jpeg;jpe;resx;tiff;tif;png;wav;mfcribbon-ms</Extensions>
    </Filter>
  </ItemGroup>
  <ItemGroup>
    <ClCompile Include="src\tests\Test.cpp">
      <Filter>Source Files</Filter>
    </ClCompile>
    <ClCompile Include="src\tests\TestBatchRendering.cpp">
      <Filter>Source Files</Filter>
    </ClCompile>
    <ClCompile Include="src\tests\TestClearColor.cpp">
      <Filter>Source Files</Filter>
    </ClCompile>
    <ClCompile Include="src\tests\TestDynamicBatchRendering.cpp">
      <Filter>Source Files</Filter>
    </ClCompile>
    <ClCompile Include="src\tests\TestTexture2D.cpp">
      <Filter>Source Files</Filter>
    </ClCompile>
    <ClCompile Include="src\tests\TestTransform3D.cpp">
      <Filter>Source Files</Filter>
    </ClCompile>
    <ClCompile Include="src\Application.cpp">
      <Filter>Source Files</Filter>
    </ClCompile>
    <ClCompile Include="src\tests\TestChangeTexture.cpp">
      <Filter>Source Files</Filter>
    </ClCompile>
    <ClCompile Include="src\tests\TestShaders.cpp">
      <Filter>Source Files</Filter>
    </ClCompile>
    <ClCompile Include="src\tests\TestLighting.cpp">
      <Filter>Source Files</Filter>
    </ClCompile>
    <ClCompile Include="src\tests\TestMaterial.cpp">
      <Filter>Source Files</Filter>
    </ClCompile>
    <ClCompile Include="src\tests\TestLightCasters.cpp">
      <Filter>Source Files</Filter>
    </ClCompile>
    <ClCompile Include="src\tests\TestDepth.cpp">
      <Filter>Source Files</Filter>
    </ClCompile>
    <ClCompile Include="src\tests\TestModel.cpp">
      <Filter>Source Files</Filter>
    </ClCompile>
    <ClCompile Include="src\tests\TestStencil.cpp">
      <Filter>Source Files</Filter>
    </ClCompile>
    <ClCompile Include="src\tests\TestBlending.cpp">
      <Filter>Source Files</Filter>
    </ClCompile>
    <ClCompile Include="src\tests\TestCubemaps.cpp">
      <Filter>Source Files</Filter>
    </ClCompile>
    <ClCompile Include="src\tests\TestGLSL.cpp">
      <Filter>Source Files</Filter>
    </ClCompile>
    <ClCompile Include="src\tests\TestGeometry.cpp">
      <Filter>Source Files</Filter>
    </ClCompile>
    <ClCompile Include="src\tests\TestExploding.cpp">
      <Filter>Source Files</Filter>
    </ClCompile>
  </ItemGroup>
  <ItemGroup>
    <ClInclude Include="src\tests\Test.h">
      <Filter>Header Files</Filter>
    </ClInclude>
    <ClInclude Include="src\tests\TestBatchRendering.h">
      <Filter>Header Files</Filter>
    </ClInclude>
    <ClInclude Include="src\tests\TestClearColor.h">
      <Filter>Header Files</Filter>
    </ClInclude>
    <ClInclude Include="src\tests\TestDynamicBatchRendering.h">
      <Filter>Header Files</Filter>
    </ClInclude>
    <ClInclude Include="src\tests\TestTexture2D.h">
      <Filter>Header Files</Filter>
    </ClInclude>
    <ClInclude Include="src\tests\TestTransform3D.h">
      <Filter>Header Files</Filter>
    </ClInclude>
    <ClInclude Include="src\tests\TestChangeTexture.h">
      <Filter>Header Files</Filter>
    </ClInclude>
    <ClInclude Include="src\tests\TestShaders.h">
      <Filter>Header Files</Filter>
    </ClInclude>
    <ClInclude Include="src\tests\TestLighting.h">
      <Filter>Header Files</Filter>
    </ClInclude>
    <ClInclude Include="src\tests\TestMaterial.h">
      <Filter>Header Files</Filter>
    </ClInclude>
    <ClInclude Include="src\tests\TestLightCasters.h">
      <Filter>Header Files</Filter>
    </ClInclude>
    <ClInclude Include="src\tests\TestDepth.h">
      <Filter>Header Files</Filter>
    </ClInclude>
    <ClInclude Include="src\tests\TestModel.h">
      <Filter>Header Files</Filter>
    </ClInclude>
    <ClInclude Include="src\tests\TestStencil.h">
      <Filter>Header Files</Filter>
    </ClInclude>
    <ClInclude Include="src\tests\TestBlending.h">
      <Filter>Header Files</Filter>
    </ClInclude>
    <ClInclude Include="src\tests\TestCubemaps.h">
      <Filter>Header Files</Filter>
    </ClInclude>
    <ClInclude Include="src\tests\TestGLSL.h">
      <Filter>Header Files</Filter>
    </ClInclude>
    <ClInclude Include="src\tests\TestGeometry.h">
      <Filter>Header Files</Filter>
    </ClInclude>
    <ClInclude Include="src\tests\TestExploding.h">
      <Filter>Header Files</Filter>
    </ClInclude>
  </ItemGroup>
  <ItemGroup>
    <None Include="res\shaders\Texture.shader" />
    <None Include="res\shaders\Texture16.shader" />
    <None Include="res\shaders\Fractal.shader" />
    <None Include="res\shaders\LightCube.shader" />
    <None Include="res\shaders\PhongObject.shader" />
    <None Include="res\shaders\GouradObject.shader" />
    <None Include="res\shaders\Material.shader" />
    <None Include="res\shaders\LightCast.shader" />
    <None Include="res\shaders\Depth.shader" />
    <None Include="res\objects\backpack\backpack.mtl" />
    <None Include="res\shaders\Model.shader" />
    <None Include="res\shaders\Outline.shader" />
    <None Include="res\shaders\Skybox.shader" />
    <None Include="res\shaders\CubemapReflective.shader" />
    <None Include="res\shaders\CubemapRefractive.shader" />
    <None Include="res\shaders\advanced_glsl\Red.shader" />
    <None Include="res\shaders\advanced_glsl\Blue.shader" />
    <None Include="res\shaders\advanced_glsl\Green.shader" />
    <None Include="res\shaders\advanced_glsl\Yellow.shader" />
    <None Include="res\shaders\Geometry.shader" />
    <None Include="res\shaders\geometry\Exploding.shader" />
    <None Include="res\shaders\geometry\DisplayNormals.shader" />
  </ItemGroup>
  <ItemGroup>
    <Image Include="res\textures\minecraft\grass_bottom.jpg">
      <Filter>Resource Files</Filter>
    </Image>
    <Image Include="res\textures\minecraft\grass_side.jpg">
      <Filter>Resource Files</Filter>
    </Image>
    <Image Include="res\textures\minecraft\grass_top.jpg">
      <Filter>Resource Files</Filter>
    </Image>
    <Image Include="res\textures\opengl\awesomeface.png">
      <Filter>Resource Files</Filter>
    </Image>
    <Image Include="res\textures\opengl\container.jpg">
      <Filter>Resource Files</Filter>
    </Image>
    <Image Include="res\textures\bear.png">
      <Filter>Resource Files</Filter>
    </Image>
    <Image Include="res\textures\maple.png">
      <Filter>Resource Files</Filter>
    </Image>
    <Image Include="res\textures\minecraft\glowstone.jpg">
      <Filter>Resource Files</Filter>
    </Image>
    <Image Include="res\textures\opengl\container2.png">
      <Filter>Resource Files</Filter>
    </Image>
    <Image Include="res\textures\opengl\container2_specular.png">
      <Filter>Resource Files</Filter>
    </Image>
    <Image Include="res\textures\opengl\matrix.jpg">
      <Filter>Resource Files</Filter>
    </Image>
    <Image Include="res\objects\backpack\diffuse.jpg">
      <Filter>Resource Files</Filter>
    </Image>
    <Image Include="res\objects\backpack\normal.png">
      <Filter>Resource Files</Filter>
    </Image>
    <Image Include="res\objects\backpack\roughness.jpg">
      <Filter>Resource Files</Filter>
    </Image>
    <Image Include="res\objects\backpack\specular.jpg">
      <Filter>Resource Files</Filter>
    </Image>
    <Image Include="res\objects\backpack\ao.jpg">
      <Filter>Resource Files</Filter>
    </Image>
    <Image Include="res\objects\backpack\backpack.obj" />
    <Image Include="res\textures\opengl\blending_transparent_window.png">
      <Filter>Resource Files</Filter>
    </Image>
    <Image Include="res\textures\opengl\skybox\back.jpg">
      <Filter>Resource Files</Filter>
    </Image>
    <Image Include="res\textures\opengl\skybox\bottom.jpg">
      <Filter>Resource Files</Filter>
    </Image>
    <Image Include="res\textures\opengl\skybox\front.jpg">
      <Filter>Resource Files</Filter>
    </Image>
    <Image Include="res\textures\opengl\skybox\left.jpg">
      <Filter>Resource Files</Filter>
    </Image>
    <Image Include="res\textures\opengl\skybox\right.jpg">
      <Filter>Resource Files</Filter>
    </Image>
    <Image Include="res\textures\opengl\skybox\top.jpg">
      <Filter>Resource Files</Filter>
    </Image>
  </ItemGroup>
  <ItemGroup>
    <Text Include="res\objects\backpack\source_attribution.txt" />
  </ItemGroup>
</Project>